// !$*UTF8*$!
{
	archiveVersion = 1;
	classes = {
	};
	objectVersion = 55;
	objects = {

/* Begin PBXBuildFile section */
		3001640528DC80E2003127E6 /* GruposHomeCollectionViewCell.swift in Sources */ = {isa = PBXBuildFile; fileRef = 3001640428DC80E2003127E6 /* GruposHomeCollectionViewCell.swift */; };
		4416F85C28D3C3C900187540 /* Problem.swift in Sources */ = {isa = PBXBuildFile; fileRef = 4416F85B28D3C3C900187540 /* Problem.swift */; };
		444A53AC28CFA79C00DABE4E /* AppDelegate.swift in Sources */ = {isa = PBXBuildFile; fileRef = 444A53AB28CFA79C00DABE4E /* AppDelegate.swift */; };
		444A53AE28CFA79C00DABE4E /* SceneDelegate.swift in Sources */ = {isa = PBXBuildFile; fileRef = 444A53AD28CFA79C00DABE4E /* SceneDelegate.swift */; };
		444A53B028CFA79C00DABE4E /* ViewController.swift in Sources */ = {isa = PBXBuildFile; fileRef = 444A53AF28CFA79C00DABE4E /* ViewController.swift */; };
		444A53B628CFA79C00DABE4E /* Ecopitico.xcdatamodeld in Sources */ = {isa = PBXBuildFile; fileRef = 444A53B428CFA79C00DABE4E /* Ecopitico.xcdatamodeld */; };
		444A53B828CFA79F00DABE4E /* Assets.xcassets in Resources */ = {isa = PBXBuildFile; fileRef = 444A53B728CFA79F00DABE4E /* Assets.xcassets */; };
		444A53BB28CFA79F00DABE4E /* LaunchScreen.storyboard in Resources */ = {isa = PBXBuildFile; fileRef = 444A53B928CFA79F00DABE4E /* LaunchScreen.storyboard */; };
		444A53C728CFD50600DABE4E /* HomeViewController.swift in Sources */ = {isa = PBXBuildFile; fileRef = 444A53C628CFD50600DABE4E /* HomeViewController.swift */; };
		444A53C928CFD58400DABE4E /* SearchViewController.swift in Sources */ = {isa = PBXBuildFile; fileRef = 444A53C828CFD58400DABE4E /* SearchViewController.swift */; };
		444A53CB28CFD5C700DABE4E /* ProfileViewController.swift in Sources */ = {isa = PBXBuildFile; fileRef = 444A53CA28CFD5C700DABE4E /* ProfileViewController.swift */; };
		444C82AB28DA474D00C5DA2A /* Nunito-Light.ttf in Resources */ = {isa = PBXBuildFile; fileRef = 444C82AA28DA474D00C5DA2A /* Nunito-Light.ttf */; };
		445C276728D25F9000F65117 /* ProblemCell.swift in Sources */ = {isa = PBXBuildFile; fileRef = 445C276628D25F9000F65117 /* ProblemCell.swift */; };
		5B03C5CA28D1135B00F17929 /* DemoViewController.swift in Sources */ = {isa = PBXBuildFile; fileRef = 5B03C5C928D1135B00F17929 /* DemoViewController.swift */; };
		5B03C5CC28D1169E00F17929 /* OnboardingInfo.swift in Sources */ = {isa = PBXBuildFile; fileRef = 5B03C5CB28D1169E00F17929 /* OnboardingInfo.swift */; };
		5B42B75428D418E6009C23B4 /* OnboardPagingViewController.swift in Sources */ = {isa = PBXBuildFile; fileRef = 5B42B75328D418E6009C23B4 /* OnboardPagingViewController.swift */; };
		5B42B77A28D4F641009C23B4 /* Nunito-ExtraBold.ttf in Resources */ = {isa = PBXBuildFile; fileRef = 5B42B77928D4F640009C23B4 /* Nunito-ExtraBold.ttf */; };
		5B42B77C28D4FDA9009C23B4 /* Nunito-Medium.ttf in Resources */ = {isa = PBXBuildFile; fileRef = 5B42B77B28D4FDA9009C23B4 /* Nunito-Medium.ttf */; };
/* End PBXBuildFile section */

/* Begin PBXFileReference section */
		3001640428DC80E2003127E6 /* GruposHomeCollectionViewCell.swift */ = {isa = PBXFileReference; lastKnownFileType = sourcecode.swift; path = GruposHomeCollectionViewCell.swift; sourceTree = "<group>"; };
		4416F85B28D3C3C900187540 /* Problem.swift */ = {isa = PBXFileReference; lastKnownFileType = sourcecode.swift; path = Problem.swift; sourceTree = "<group>"; };
		444A53A828CFA79C00DABE4E /* Ecopitico.app */ = {isa = PBXFileReference; explicitFileType = wrapper.application; includeInIndex = 0; path = Ecopitico.app; sourceTree = BUILT_PRODUCTS_DIR; };
		444A53AB28CFA79C00DABE4E /* AppDelegate.swift */ = {isa = PBXFileReference; lastKnownFileType = sourcecode.swift; path = AppDelegate.swift; sourceTree = "<group>"; };
		444A53AD28CFA79C00DABE4E /* SceneDelegate.swift */ = {isa = PBXFileReference; lastKnownFileType = sourcecode.swift; path = SceneDelegate.swift; sourceTree = "<group>"; };
		444A53AF28CFA79C00DABE4E /* ViewController.swift */ = {isa = PBXFileReference; lastKnownFileType = sourcecode.swift; path = ViewController.swift; sourceTree = "<group>"; };
		444A53B528CFA79C00DABE4E /* Ecopitico.xcdatamodel */ = {isa = PBXFileReference; lastKnownFileType = wrapper.xcdatamodel; path = Ecopitico.xcdatamodel; sourceTree = "<group>"; };
		444A53B728CFA79F00DABE4E /* Assets.xcassets */ = {isa = PBXFileReference; lastKnownFileType = folder.assetcatalog; path = Assets.xcassets; sourceTree = "<group>"; };
		444A53BA28CFA79F00DABE4E /* Base */ = {isa = PBXFileReference; lastKnownFileType = file.storyboard; name = Base; path = Base.lproj/LaunchScreen.storyboard; sourceTree = "<group>"; };
		444A53BC28CFA79F00DABE4E /* Info.plist */ = {isa = PBXFileReference; lastKnownFileType = text.plist.xml; path = Info.plist; sourceTree = "<group>"; };
		444A53C628CFD50600DABE4E /* HomeViewController.swift */ = {isa = PBXFileReference; lastKnownFileType = sourcecode.swift; path = HomeViewController.swift; sourceTree = "<group>"; };
		444A53C828CFD58400DABE4E /* SearchViewController.swift */ = {isa = PBXFileReference; lastKnownFileType = sourcecode.swift; path = SearchViewController.swift; sourceTree = "<group>"; };
		444A53CA28CFD5C700DABE4E /* ProfileViewController.swift */ = {isa = PBXFileReference; lastKnownFileType = sourcecode.swift; path = ProfileViewController.swift; sourceTree = "<group>"; };
		444C82AA28DA474D00C5DA2A /* Nunito-Light.ttf */ = {isa = PBXFileReference; lastKnownFileType = file; path = "Nunito-Light.ttf"; sourceTree = "<group>"; };
		445C276628D25F9000F65117 /* ProblemCell.swift */ = {isa = PBXFileReference; lastKnownFileType = sourcecode.swift; path = ProblemCell.swift; sourceTree = "<group>"; };
		5B03C5C928D1135B00F17929 /* DemoViewController.swift */ = {isa = PBXFileReference; lastKnownFileType = sourcecode.swift; path = DemoViewController.swift; sourceTree = "<group>"; };
		5B03C5CB28D1169E00F17929 /* OnboardingInfo.swift */ = {isa = PBXFileReference; lastKnownFileType = sourcecode.swift; path = OnboardingInfo.swift; sourceTree = "<group>"; };
		5B42B75328D418E6009C23B4 /* OnboardPagingViewController.swift */ = {isa = PBXFileReference; lastKnownFileType = sourcecode.swift; path = OnboardPagingViewController.swift; sourceTree = "<group>"; };
		5B42B77928D4F640009C23B4 /* Nunito-ExtraBold.ttf */ = {isa = PBXFileReference; lastKnownFileType = file; path = "Nunito-ExtraBold.ttf"; sourceTree = "<group>"; };
		5B42B77B28D4FDA9009C23B4 /* Nunito-Medium.ttf */ = {isa = PBXFileReference; lastKnownFileType = file; path = "Nunito-Medium.ttf"; sourceTree = "<group>"; };
/* End PBXFileReference section */

/* Begin PBXFrameworksBuildPhase section */
		444A53A528CFA79C00DABE4E /* Frameworks */ = {
			isa = PBXFrameworksBuildPhase;
			buildActionMask = 2147483647;
			files = (
			);
			runOnlyForDeploymentPostprocessing = 0;
		};
/* End PBXFrameworksBuildPhase section */

/* Begin PBXGroup section */
		4416F85A28D3C37B00187540 /* ViewControllers */ = {
			isa = PBXGroup;
			children = (
				5B42B75328D418E6009C23B4 /* OnboardPagingViewController.swift */,
				5B03C5C928D1135B00F17929 /* DemoViewController.swift */,
				444A53AF28CFA79C00DABE4E /* ViewController.swift */,
				444A53C828CFD58400DABE4E /* SearchViewController.swift */,
				444A53C628CFD50600DABE4E /* HomeViewController.swift */,
				444A53CA28CFD5C700DABE4E /* ProfileViewController.swift */,
			);
			name = ViewControllers;
			sourceTree = "<group>";
		};
		444A539F28CFA79C00DABE4E = {
			isa = PBXGroup;
			children = (
				444A53AA28CFA79C00DABE4E /* Ecopitico */,
				444A53A928CFA79C00DABE4E /* Products */,
			);
			sourceTree = "<group>";
		};
		444A53A928CFA79C00DABE4E /* Products */ = {
			isa = PBXGroup;
			children = (
				444A53A828CFA79C00DABE4E /* Ecopitico.app */,
			);
			name = Products;
			sourceTree = "<group>";
		};
		444A53AA28CFA79C00DABE4E /* Ecopitico */ = {
			isa = PBXGroup;
			children = (
				444C82AF28DA505C00C5DA2A /* Delegate */,
				4416F85A28D3C37B00187540 /* ViewControllers */,
				444C82AE28DA503D00C5DA2A /* Views */,
				444C82AC28DA476500C5DA2A /* Fonts */,
				444A53B728CFA79F00DABE4E /* Assets.xcassets */,
				444A53B928CFA79F00DABE4E /* LaunchScreen.storyboard */,
				444A53BC28CFA79F00DABE4E /* Info.plist */,
				444A53B428CFA79C00DABE4E /* Ecopitico.xcdatamodeld */,
				444C82AD28DA501A00C5DA2A /* Models */,
			);
			path = Ecopitico;
			sourceTree = "<group>";
		};
		444C82AC28DA476500C5DA2A /* Fonts */ = {
			isa = PBXGroup;
			children = (
				444C82AA28DA474D00C5DA2A /* Nunito-Light.ttf */,
				5B42B77B28D4FDA9009C23B4 /* Nunito-Medium.ttf */,
				5B42B77928D4F640009C23B4 /* Nunito-ExtraBold.ttf */,
			);
			name = Fonts;
			sourceTree = "<group>";
		};
		444C82AD28DA501A00C5DA2A /* Models */ = {
			isa = PBXGroup;
			children = (
				4416F85B28D3C3C900187540 /* Problem.swift */,
				5B03C5CB28D1169E00F17929 /* OnboardingInfo.swift */,
			);
			name = Models;
			sourceTree = "<group>";
		};
		444C82AE28DA503D00C5DA2A /* Views */ = {
			isa = PBXGroup;
			children = (
				3001640428DC80E2003127E6 /* GruposHomeCollectionViewCell.swift */,
				445C276628D25F9000F65117 /* ProblemCell.swift */,
			);
			name = Views;
			sourceTree = "<group>";
		};
		444C82AF28DA505C00C5DA2A /* Delegate */ = {
			isa = PBXGroup;
			children = (
				444A53AD28CFA79C00DABE4E /* SceneDelegate.swift */,
				444A53AB28CFA79C00DABE4E /* AppDelegate.swift */,
			);
			name = Delegate;
			sourceTree = "<group>";
		};
/* End PBXGroup section */

/* Begin PBXNativeTarget section */
		444A53A728CFA79C00DABE4E /* Ecopitico */ = {
			isa = PBXNativeTarget;
			buildConfigurationList = 444A53BF28CFA79F00DABE4E /* Build configuration list for PBXNativeTarget "Ecopitico" */;
			buildPhases = (
				444A53A428CFA79C00DABE4E /* Sources */,
				444A53A528CFA79C00DABE4E /* Frameworks */,
				444A53A628CFA79C00DABE4E /* Resources */,
			);
			buildRules = (
			);
			dependencies = (
			);
			name = Ecopitico;
			productName = Ecopitico;
			productReference = 444A53A828CFA79C00DABE4E /* Ecopitico.app */;
			productType = "com.apple.product-type.application";
		};
/* End PBXNativeTarget section */

/* Begin PBXProject section */
		444A53A028CFA79C00DABE4E /* Project object */ = {
			isa = PBXProject;
			attributes = {
				BuildIndependentTargetsInParallel = 1;
				LastSwiftUpdateCheck = 1340;
				LastUpgradeCheck = 1340;
				TargetAttributes = {
					444A53A728CFA79C00DABE4E = {
						CreatedOnToolsVersion = 13.4.1;
					};
				};
			};
			buildConfigurationList = 444A53A328CFA79C00DABE4E /* Build configuration list for PBXProject "Ecopitico" */;
			compatibilityVersion = "Xcode 13.0";
			developmentRegion = en;
			hasScannedForEncodings = 0;
			knownRegions = (
				en,
				Base,
			);
			mainGroup = 444A539F28CFA79C00DABE4E;
			productRefGroup = 444A53A928CFA79C00DABE4E /* Products */;
			projectDirPath = "";
			projectRoot = "";
			targets = (
				444A53A728CFA79C00DABE4E /* Ecopitico */,
			);
		};
/* End PBXProject section */

/* Begin PBXResourcesBuildPhase section */
		444A53A628CFA79C00DABE4E /* Resources */ = {
			isa = PBXResourcesBuildPhase;
			buildActionMask = 2147483647;
			files = (
				5B42B77C28D4FDA9009C23B4 /* Nunito-Medium.ttf in Resources */,
				444C82AB28DA474D00C5DA2A /* Nunito-Light.ttf in Resources */,
				5B42B77A28D4F641009C23B4 /* Nunito-ExtraBold.ttf in Resources */,
				444A53BB28CFA79F00DABE4E /* LaunchScreen.storyboard in Resources */,
				444A53B828CFA79F00DABE4E /* Assets.xcassets in Resources */,
			);
			runOnlyForDeploymentPostprocessing = 0;
		};
/* End PBXResourcesBuildPhase section */

/* Begin PBXSourcesBuildPhase section */
		444A53A428CFA79C00DABE4E /* Sources */ = {
			isa = PBXSourcesBuildPhase;
			buildActionMask = 2147483647;
			files = (
				444A53B028CFA79C00DABE4E /* ViewController.swift in Sources */,
				3001640528DC80E2003127E6 /* GruposHomeCollectionViewCell.swift in Sources */,
				444A53B628CFA79C00DABE4E /* Ecopitico.xcdatamodeld in Sources */,
				4416F85C28D3C3C900187540 /* Problem.swift in Sources */,
				445C276728D25F9000F65117 /* ProblemCell.swift in Sources */,
				444A53C928CFD58400DABE4E /* SearchViewController.swift in Sources */,
				444A53AC28CFA79C00DABE4E /* AppDelegate.swift in Sources */,
				5B03C5CC28D1169E00F17929 /* OnboardingInfo.swift in Sources */,
				5B42B75428D418E6009C23B4 /* OnboardPagingViewController.swift in Sources */,
				444A53AE28CFA79C00DABE4E /* SceneDelegate.swift in Sources */,
				444A53CB28CFD5C700DABE4E /* ProfileViewController.swift in Sources */,
				5B03C5CA28D1135B00F17929 /* DemoViewController.swift in Sources */,
				444A53C728CFD50600DABE4E /* HomeViewController.swift in Sources */,
			);
			runOnlyForDeploymentPostprocessing = 0;
		};
/* End PBXSourcesBuildPhase section */

/* Begin PBXVariantGroup section */
		444A53B928CFA79F00DABE4E /* LaunchScreen.storyboard */ = {
			isa = PBXVariantGroup;
			children = (
				444A53BA28CFA79F00DABE4E /* Base */,
			);
			name = LaunchScreen.storyboard;
			sourceTree = "<group>";
		};
/* End PBXVariantGroup section */

/* Begin XCBuildConfiguration section */
		444A53BD28CFA79F00DABE4E /* Debug */ = {
			isa = XCBuildConfiguration;
			buildSettings = {
				ALWAYS_SEARCH_USER_PATHS = NO;
				CLANG_ANALYZER_NONNULL = YES;
				CLANG_ANALYZER_NUMBER_OBJECT_CONVERSION = YES_AGGRESSIVE;
				CLANG_CXX_LANGUAGE_STANDARD = "gnu++17";
				CLANG_ENABLE_MODULES = YES;
				CLANG_ENABLE_OBJC_ARC = YES;
				CLANG_ENABLE_OBJC_WEAK = YES;
				CLANG_WARN_BLOCK_CAPTURE_AUTORELEASING = YES;
				CLANG_WARN_BOOL_CONVERSION = YES;
				CLANG_WARN_COMMA = YES;
				CLANG_WARN_CONSTANT_CONVERSION = YES;
				CLANG_WARN_DEPRECATED_OBJC_IMPLEMENTATIONS = YES;
				CLANG_WARN_DIRECT_OBJC_ISA_USAGE = YES_ERROR;
				CLANG_WARN_DOCUMENTATION_COMMENTS = YES;
				CLANG_WARN_EMPTY_BODY = YES;
				CLANG_WARN_ENUM_CONVERSION = YES;
				CLANG_WARN_INFINITE_RECURSION = YES;
				CLANG_WARN_INT_CONVERSION = YES;
				CLANG_WARN_NON_LITERAL_NULL_CONVERSION = YES;
				CLANG_WARN_OBJC_IMPLICIT_RETAIN_SELF = YES;
				CLANG_WARN_OBJC_LITERAL_CONVERSION = YES;
				CLANG_WARN_OBJC_ROOT_CLASS = YES_ERROR;
				CLANG_WARN_QUOTED_INCLUDE_IN_FRAMEWORK_HEADER = YES;
				CLANG_WARN_RANGE_LOOP_ANALYSIS = YES;
				CLANG_WARN_STRICT_PROTOTYPES = YES;
				CLANG_WARN_SUSPICIOUS_MOVE = YES;
				CLANG_WARN_UNGUARDED_AVAILABILITY = YES_AGGRESSIVE;
				CLANG_WARN_UNREACHABLE_CODE = YES;
				CLANG_WARN__DUPLICATE_METHOD_MATCH = YES;
				COPY_PHASE_STRIP = NO;
				DEBUG_INFORMATION_FORMAT = dwarf;
				ENABLE_STRICT_OBJC_MSGSEND = YES;
				ENABLE_TESTABILITY = YES;
				GCC_C_LANGUAGE_STANDARD = gnu11;
				GCC_DYNAMIC_NO_PIC = NO;
				GCC_NO_COMMON_BLOCKS = YES;
				GCC_OPTIMIZATION_LEVEL = 0;
				GCC_PREPROCESSOR_DEFINITIONS = (
					"DEBUG=1",
					"$(inherited)",
				);
				GCC_WARN_64_TO_32_BIT_CONVERSION = YES;
				GCC_WARN_ABOUT_RETURN_TYPE = YES_ERROR;
				GCC_WARN_UNDECLARED_SELECTOR = YES;
				GCC_WARN_UNINITIALIZED_AUTOS = YES_AGGRESSIVE;
				GCC_WARN_UNUSED_FUNCTION = YES;
				GCC_WARN_UNUSED_VARIABLE = YES;
				IPHONEOS_DEPLOYMENT_TARGET = 15.5;
				MTL_ENABLE_DEBUG_INFO = INCLUDE_SOURCE;
				MTL_FAST_MATH = YES;
				ONLY_ACTIVE_ARCH = YES;
				SDKROOT = iphoneos;
				SWIFT_ACTIVE_COMPILATION_CONDITIONS = DEBUG;
				SWIFT_OPTIMIZATION_LEVEL = "-Onone";
			};
			name = Debug;
		};
		444A53BE28CFA79F00DABE4E /* Release */ = {
			isa = XCBuildConfiguration;
			buildSettings = {
				ALWAYS_SEARCH_USER_PATHS = NO;
				CLANG_ANALYZER_NONNULL = YES;
				CLANG_ANALYZER_NUMBER_OBJECT_CONVERSION = YES_AGGRESSIVE;
				CLANG_CXX_LANGUAGE_STANDARD = "gnu++17";
				CLANG_ENABLE_MODULES = YES;
				CLANG_ENABLE_OBJC_ARC = YES;
				CLANG_ENABLE_OBJC_WEAK = YES;
				CLANG_WARN_BLOCK_CAPTURE_AUTORELEASING = YES;
				CLANG_WARN_BOOL_CONVERSION = YES;
				CLANG_WARN_COMMA = YES;
				CLANG_WARN_CONSTANT_CONVERSION = YES;
				CLANG_WARN_DEPRECATED_OBJC_IMPLEMENTATIONS = YES;
				CLANG_WARN_DIRECT_OBJC_ISA_USAGE = YES_ERROR;
				CLANG_WARN_DOCUMENTATION_COMMENTS = YES;
				CLANG_WARN_EMPTY_BODY = YES;
				CLANG_WARN_ENUM_CONVERSION = YES;
				CLANG_WARN_INFINITE_RECURSION = YES;
				CLANG_WARN_INT_CONVERSION = YES;
				CLANG_WARN_NON_LITERAL_NULL_CONVERSION = YES;
				CLANG_WARN_OBJC_IMPLICIT_RETAIN_SELF = YES;
				CLANG_WARN_OBJC_LITERAL_CONVERSION = YES;
				CLANG_WARN_OBJC_ROOT_CLASS = YES_ERROR;
				CLANG_WARN_QUOTED_INCLUDE_IN_FRAMEWORK_HEADER = YES;
				CLANG_WARN_RANGE_LOOP_ANALYSIS = YES;
				CLANG_WARN_STRICT_PROTOTYPES = YES;
				CLANG_WARN_SUSPICIOUS_MOVE = YES;
				CLANG_WARN_UNGUARDED_AVAILABILITY = YES_AGGRESSIVE;
				CLANG_WARN_UNREACHABLE_CODE = YES;
				CLANG_WARN__DUPLICATE_METHOD_MATCH = YES;
				COPY_PHASE_STRIP = NO;
				DEBUG_INFORMATION_FORMAT = "dwarf-with-dsym";
				ENABLE_NS_ASSERTIONS = NO;
				ENABLE_STRICT_OBJC_MSGSEND = YES;
				GCC_C_LANGUAGE_STANDARD = gnu11;
				GCC_NO_COMMON_BLOCKS = YES;
				GCC_WARN_64_TO_32_BIT_CONVERSION = YES;
				GCC_WARN_ABOUT_RETURN_TYPE = YES_ERROR;
				GCC_WARN_UNDECLARED_SELECTOR = YES;
				GCC_WARN_UNINITIALIZED_AUTOS = YES_AGGRESSIVE;
				GCC_WARN_UNUSED_FUNCTION = YES;
				GCC_WARN_UNUSED_VARIABLE = YES;
				IPHONEOS_DEPLOYMENT_TARGET = 15.5;
				MTL_ENABLE_DEBUG_INFO = NO;
				MTL_FAST_MATH = YES;
				SDKROOT = iphoneos;
				SWIFT_COMPILATION_MODE = wholemodule;
				SWIFT_OPTIMIZATION_LEVEL = "-O";
				VALIDATE_PRODUCT = YES;
			};
			name = Release;
		};
		444A53C028CFA79F00DABE4E /* Debug */ = {
			isa = XCBuildConfiguration;
			buildSettings = {
				ASSETCATALOG_COMPILER_APPICON_NAME = AppIcon;
				ASSETCATALOG_COMPILER_GLOBAL_ACCENT_COLOR_NAME = AccentColor;
				CODE_SIGN_STYLE = Automatic;
				CURRENT_PROJECT_VERSION = 1;
				DEVELOPMENT_TEAM = PST723S8CA;
				GENERATE_INFOPLIST_FILE = YES;
				INFOPLIST_FILE = Ecopitico/Info.plist;
				INFOPLIST_KEY_UIApplicationSupportsIndirectInputEvents = YES;
				INFOPLIST_KEY_UILaunchStoryboardName = LaunchScreen;
				INFOPLIST_KEY_UISupportedInterfaceOrientations_iPad = "UIInterfaceOrientationPortrait UIInterfaceOrientationPortraitUpsideDown UIInterfaceOrientationLandscapeLeft UIInterfaceOrientationLandscapeRight";
				INFOPLIST_KEY_UISupportedInterfaceOrientations_iPhone = "UIInterfaceOrientationPortrait UIInterfaceOrientationLandscapeLeft UIInterfaceOrientationLandscapeRight";
				LD_RUNPATH_SEARCH_PATHS = (
					"$(inherited)",
					"@executable_path/Frameworks",
				);
				MARKETING_VERSION = 1.0;
				PRODUCT_BUNDLE_IDENTIFIER = vitoria.pinheiro.Ecopitico;
				PRODUCT_NAME = "$(TARGET_NAME)";
				SWIFT_EMIT_LOC_STRINGS = YES;
				SWIFT_VERSION = 5.0;
				TARGETED_DEVICE_FAMILY = "1,2";
			};
			name = Debug;
		};
		444A53C128CFA79F00DABE4E /* Release */ = {
			isa = XCBuildConfiguration;
			buildSettings = {
				ASSETCATALOG_COMPILER_APPICON_NAME = AppIcon;
				ASSETCATALOG_COMPILER_GLOBAL_ACCENT_COLOR_NAME = AccentColor;
				CODE_SIGN_STYLE = Automatic;
				CURRENT_PROJECT_VERSION = 1;
				DEVELOPMENT_TEAM = PST723S8CA;
				GENERATE_INFOPLIST_FILE = YES;
				INFOPLIST_FILE = Ecopitico/Info.plist;
				INFOPLIST_KEY_UIApplicationSupportsIndirectInputEvents = YES;
				INFOPLIST_KEY_UILaunchStoryboardName = LaunchScreen;
				INFOPLIST_KEY_UISupportedInterfaceOrientations_iPad = "UIInterfaceOrientationPortrait UIInterfaceOrientationPortraitUpsideDown UIInterfaceOrientationLandscapeLeft UIInterfaceOrientationLandscapeRight";
				INFOPLIST_KEY_UISupportedInterfaceOrientations_iPhone = "UIInterfaceOrientationPortrait UIInterfaceOrientationLandscapeLeft UIInterfaceOrientationLandscapeRight";
				LD_RUNPATH_SEARCH_PATHS = (
					"$(inherited)",
					"@executable_path/Frameworks",
				);
				MARKETING_VERSION = 1.0;
				PRODUCT_BUNDLE_IDENTIFIER = vitoria.pinheiro.Ecopitico;
				PRODUCT_NAME = "$(TARGET_NAME)";
				SWIFT_EMIT_LOC_STRINGS = YES;
				SWIFT_VERSION = 5.0;
				TARGETED_DEVICE_FAMILY = "1,2";
			};
			name = Release;
		};
/* End XCBuildConfiguration section */

/* Begin XCConfigurationList section */
		444A53A328CFA79C00DABE4E /* Build configuration list for PBXProject "Ecopitico" */ = {
			isa = XCConfigurationList;
			buildConfigurations = (
				444A53BD28CFA79F00DABE4E /* Debug */,
				444A53BE28CFA79F00DABE4E /* Release */,
			);
			defaultConfigurationIsVisible = 0;
			defaultConfigurationName = Release;
		};
		444A53BF28CFA79F00DABE4E /* Build configuration list for PBXNativeTarget "Ecopitico" */ = {
			isa = XCConfigurationList;
			buildConfigurations = (
				444A53C028CFA79F00DABE4E /* Debug */,
				444A53C128CFA79F00DABE4E /* Release */,
			);
			defaultConfigurationIsVisible = 0;
			defaultConfigurationName = Release;
		};
/* End XCConfigurationList section */

/* Begin XCVersionGroup section */
		444A53B428CFA79C00DABE4E /* Ecopitico.xcdatamodeld */ = {
			isa = XCVersionGroup;
			children = (
				444A53B528CFA79C00DABE4E /* Ecopitico.xcdatamodel */,
			);
			currentVersion = 444A53B528CFA79C00DABE4E /* Ecopitico.xcdatamodel */;
			path = Ecopitico.xcdatamodeld;
			sourceTree = "<group>";
			versionGroupType = wrapper.xcdatamodel;
		};
/* End XCVersionGroup section */
	};
	rootObject = 444A53A028CFA79C00DABE4E /* Project object */;
}
